# DO NOT EDIT MANUALLY - Managed by Fern Replay
version: "1.0"
generations:
  - commit_sha: 6ee2f1cc74dd9f71a5250dc543072a20fe241e05
    tree_hash: b3aa526a34c3de7f3c7c338cd2e7525f57496081
    timestamp: 2026-09-04T19:33:27.003Z
    cli_version: unknown
    generator_versions: {}
current_generation: 6ee2f1cc74dd9f71a5250dc543072a20fe241e05
patches: []
